
Microsoft Visual Studio Solution File, Format Version 12.00
# Visual Studio 15
VisualStudioVersion = 15.0.27703.1
MinimumVisualStudioVersion = 10.0.40219.1
Project("{FAE04EC0-301F-11D3-BF4B-00C04F79EFBC}") = "AbstractSushiBarModel", "AbstractSushiBarModel\AbstractSushiBarModel.csproj", "{D61490BA-3394-4D82-A3C7-A51494B436FC}"
EndProject
Project("{FAE04EC0-301F-11D3-BF4B-00C04F79EFBC}") = "AbstractSushiBarService", "AbstractSushiBarService\AbstractSushiBarService.csproj", "{0DAE5E78-DF9A-4EB1-844B-249049DB4930}"
EndProject
Project("{FAE04EC0-301F-11D3-BF4B-00C04F79EFBC}") = "AbstractSushiBarView", "AbstractSushiBarView\AbstractSushiBarView.csproj", "{5BDEACD0-25CD-44EB-8F46-394F5869F15E}"
EndProject
Project("{FAE04EC0-301F-11D3-BF4B-00C04F79EFBC}") = "AbstractSushiBarWPF", "AbstractSushiBarWPF\AbstractSushiBarWPF.csproj", "{585777CE-63BA-49D4-A435-0918BC23B3E9}"
EndProject
Global
	GlobalSection(SolutionConfigurationPlatforms) = preSolution
		Debug|Any CPU = Debug|Any CPU
		Release|Any CPU = Release|Any CPU
	EndGlobalSection
	GlobalSection(ProjectConfigurationPlatforms) = postSolution
		{D61490BA-3394-4D82-A3C7-A51494B436FC}.Debug|Any CPU.ActiveCfg = Debug|Any CPU
		{D61490BA-3394-4D82-A3C7-A51494B436FC}.Debug|Any CPU.Build.0 = Debug|Any CPU
		{D61490BA-3394-4D82-A3C7-A51494B436FC}.Release|Any CPU.ActiveCfg = Release|Any CPU
		{D61490BA-3394-4D82-A3C7-A51494B436FC}.Release|Any CPU.Build.0 = Release|Any CPU
		{0DAE5E78-DF9A-4EB1-844B-249049DB4930}.Debug|Any CPU.ActiveCfg = Debug|Any CPU
		{0DAE5E78-DF9A-4EB1-844B-249049DB4930}.Debug|Any CPU.Build.0 = Debug|Any CPU
		{0DAE5E78-DF9A-4EB1-844B-249049DB4930}.Release|Any CPU.ActiveCfg = Release|Any CPU
		{0DAE5E78-DF9A-4EB1-844B-249049DB4930}.Release|Any CPU.Build.0 = Release|Any CPU
		{5BDEACD0-25CD-44EB-8F46-394F5869F15E}.Debug|Any CPU.ActiveCfg = Debug|Any CPU
		{5BDEACD0-25CD-44EB-8F46-394F5869F15E}.Debug|Any CPU.Build.0 = Debug|Any CPU
		{5BDEACD0-25CD-44EB-8F46-394F5869F15E}.Release|Any CPU.ActiveCfg = Release|Any CPU
		{5BDEACD0-25CD-44EB-8F46-394F5869F15E}.Release|Any CPU.Build.0 = Release|Any CPU
		{585777CE-63BA-49D4-A435-0918BC23B3E9}.Debug|Any CPU.ActiveCfg = Debug|Any CPU
		{585777CE-63BA-49D4-A435-0918BC23B3E9}.Debug|Any CPU.Build.0 = Debug|Any CPU
		{585777CE-63BA-49D4-A435-0918BC23B3E9}.Release|Any CPU.ActiveCfg = Release|Any CPU
		{585777CE-63BA-49D4-A435-0918BC23B3E9}.Release|Any CPU.Build.0 = Release|Any CPU
	EndGlobalSection
	GlobalSection(SolutionProperties) = preSolution
		HideSolutionNode = FALSE
	EndGlobalSection
	GlobalSection(ExtensibilityGlobals) = postSolution
		SolutionGuid = {046362A1-BA30-4EF9-8D83-039BD3C9D6EC}
	EndGlobalSection
EndGlobal
